// !$*UTF8*$!
{
	archiveVersion = 1;
	classes = {
	};
	objectVersion = 46;
	objects = {

/* Begin PBXBuildFile section */
		845B5AC71D51FEA9000C0CBA /* AppDelegate.swift in Sources */ = {isa = PBXBuildFile; fileRef = 845B5AC61D51FEA9000C0CBA /* AppDelegate.swift */; };
		845B5ACC1D51FEA9000C0CBA /* Main.storyboard in Resources */ = {isa = PBXBuildFile; fileRef = 845B5ACA1D51FEA9000C0CBA /* Main.storyboard */; };
		845B5ACE1D51FEA9000C0CBA /* Assets.xcassets in Resources */ = {isa = PBXBuildFile; fileRef = 845B5ACD1D51FEA9000C0CBA /* Assets.xcassets */; };
		845B5AD11D51FEA9000C0CBA /* LaunchScreen.storyboard in Resources */ = {isa = PBXBuildFile; fileRef = 845B5ACF1D51FEA9000C0CBA /* LaunchScreen.storyboard */; };
		845B5AD91D52049D000C0CBA /* No1ViewController.swift in Sources */ = {isa = PBXBuildFile; fileRef = 845B5AD81D52049D000C0CBA /* No1ViewController.swift */; };
		845B5ADB1D5204B3000C0CBA /* No2ViewController.swift in Sources */ = {isa = PBXBuildFile; fileRef = 845B5ADA1D5204B3000C0CBA /* No2ViewController.swift */; };
		845B5ADD1D5204C4000C0CBA /* No3ViewController.swift in Sources */ = {isa = PBXBuildFile; fileRef = 845B5ADC1D5204C4000C0CBA /* No3ViewController.swift */; };
/* End PBXBuildFile section */

/* Begin PBXFileReference section */
		845B5AC31D51FEA9000C0CBA /* UnwindSegue.app */ = {isa = PBXFileReference; explicitFileType = wrapper.application; includeInIndex = 0; path = UnwindSegue.app; sourceTree = BUILT_PRODUCTS_DIR; };
		845B5AC61D51FEA9000C0CBA /* AppDelegate.swift */ = {isa = PBXFileReference; lastKnownFileType = sourcecode.swift; path = AppDelegate.swift; sourceTree = "<group>"; };
		845B5ACB1D51FEA9000C0CBA /* Base */ = {isa = PBXFileReference; lastKnownFileType = file.storyboard; name = Base; path = Base.lproj/Main.storyboard; sourceTree = "<group>"; };
		845B5ACD1D51FEA9000C0CBA /* Assets.xcassets */ = {isa = PBXFileReference; lastKnownFileType = folder.assetcatalog; path = Assets.xcassets; sourceTree = "<group>"; };
		845B5AD01D51FEA9000C0CBA /* Base */ = {isa = PBXFileReference; lastKnownFileType = file.storyboard; name = Base; path = Base.lproj/LaunchScreen.storyboard; sourceTree = "<group>"; };
		845B5AD21D51FEA9000C0CBA /* Info.plist */ = {isa = PBXFileReference; lastKnownFileType = text.plist.xml; path = Info.plist; sourceTree = "<group>"; };
		845B5AD81D52049D000C0CBA /* No1ViewController.swift */ = {isa = PBXFileReference; fileEncoding = 4; lastKnownFileType = sourcecode.swift; name = No1ViewController.swift; path = No1ViewController.swift; sourceTree = "<group>"; };
		845B5ADA1D5204B3000C0CBA /* No2ViewController.swift */ = {isa = PBXFileReference; fileEncoding = 4; lastKnownFileType = sourcecode.swift; path = No2ViewController.swift; sourceTree = "<group>"; };
		845B5ADC1D5204C4000C0CBA /* No3ViewController.swift */ = {isa = PBXFileReference; fileEncoding = 4; lastKnownFileType = sourcecode.swift; path = No3ViewController.swift; sourceTree = "<group>"; };
/* End PBXFileReference section */

/* Begin PBXFrameworksBuildPhase section */
		845B5AC01D51FEA9000C0CBA /* Frameworks */ = {
			isa = PBXFrameworksBuildPhase;
			buildActionMask = 2147483647;
			files = (
			);
			runOnlyForDeploymentPostprocessing = 0;
		};
/* End PBXFrameworksBuildPhase section */

/* Begin PBXGroup section */
		845B5ABA1D51FEA9000C0CBA = {
			isa = PBXGroup;
			children = (
				845B5AC51D51FEA9000C0CBA /* UnwindSegue */,
				845B5AC41D51FEA9000C0CBA /* Products */,
			);
			sourceTree = "<group>";
		};
		845B5AC41D51FEA9000C0CBA /* Products */ = {
			isa = PBXGroup;
			children = (
				845B5AC31D51FEA9000C0CBA /* UnwindSegue.app */,
			);
			name = Products;
			sourceTree = "<group>";
		};
		845B5AC51D51FEA9000C0CBA /* UnwindSegue */ = {
			isa = PBXGroup;
			children = (
				845B5AC61D51FEA9000C0CBA /* AppDelegate.swift */,
				845B5ACA1D51FEA9000C0CBA /* Main.storyboard */,
				845B5ADC1D5204C4000C0CBA /* No3ViewController.swift */,
				845B5ADA1D5204B3000C0CBA /* No2ViewController.swift */,
				845B5AD81D52049D000C0CBA /* No1ViewController.swift */,
				845B5ACD1D51FEA9000C0CBA /* Assets.xcassets */,
				845B5ACF1D51FEA9000C0CBA /* LaunchScreen.storyboard */,
				845B5AD21D51FEA9000C0CBA /* Info.plist */,
			);
			path = UnwindSegue;
			sourceTree = "<group>";
		};
/* End PBXGroup section */

/* Begin PBXNativeTarget section */
		845B5AC21D51FEA9000C0CBA /* UnwindSegue */ = {
			isa = PBXNativeTarget;
			buildConfigurationList = 845B5AD51D51FEA9000C0CBA /* Build configuration list for PBXNativeTarget "UnwindSegue" */;
			buildPhases = (
				845B5ABF1D51FEA9000C0CBA /* Sources */,
				845B5AC01D51FEA9000C0CBA /* Frameworks */,
				845B5AC11D51FEA9000C0CBA /* Resources */,
			);
			buildRules = (
			);
			dependencies = (
			);
			name = UnwindSegue;
			productName = UnwindSegue;
			productReference = 845B5AC31D51FEA9000C0CBA /* UnwindSegue.app */;
			productType = "com.apple.product-type.application";
		};
/* End PBXNativeTarget section */

/* Begin PBXProject section */
		845B5ABB1D51FEA9000C0CBA /* Project object */ = {
			isa = PBXProject;
			attributes = {
				LastSwiftUpdateCheck = 0730;
				LastUpgradeCheck = 0730;
				ORGANIZATIONNAME = BatCoder;
				TargetAttributes = {
					845B5AC21D51FEA9000C0CBA = {
						CreatedOnToolsVersion = 7.3.1;
					};
				};
			};
			buildConfigurationList = 845B5ABE1D51FEA9000C0CBA /* Build configuration list for PBXProject "UnwindSegue" */;
			compatibilityVersion = "Xcode 3.2";
			developmentRegion = English;
			hasScannedForEncodings = 0;
			knownRegions = (
				en,
				Base,
			);
			mainGroup = 845B5ABA1D51FEA9000C0CBA;
			productRefGroup = 845B5AC41D51FEA9000C0CBA /* Products */;
			projectDirPath = "";
			projectRoot = "";
			targets = (
				845B5AC21D51FEA9000C0CBA /* UnwindSegue */,
			);
		};
/* End PBXProject section */

/* Begin PBXResourcesBuildPhase section */
		845B5AC11D51FEA9000C0CBA /* Resources */ = {
			isa = PBXResourcesBuildPhase;
			buildActionMask = 2147483647;
			files = (
				845B5AD11D51FEA9000C0CBA /* LaunchScreen.storyboard in Resources */,
				845B5ACE1D51FEA9000C0CBA /* Assets.xcassets in Resources */,
				845B5ACC1D51FEA9000C0CBA /* Main.storyboard in Resources */,
			);
			runOnlyForDeploymentPostprocessing = 0;
		};
/* End PBXResourcesBuildPhase section */

/* Begin PBXSourcesBuildPhase section */
		845B5ABF1D51FEA9000C0CBA /* Sources */ = {
			isa = PBXSourcesBuildPhase;
			buildActionMask = 2147483647;
			files = (
				845B5AC71D51FEA9000C0CBA /* AppDelegate.swift in Sources */,
				845B5ADD1D5204C4000C0CBA /* No3ViewController.swift in Sources */,
				845B5AD91D52049D000C0CBA /* No1ViewController.swift in Sources */,
				845B5ADB1D5204B3000C0CBA /* No2ViewController.swift in Sources */,
			);
			runOnlyForDeploymentPostprocessing = 0;
		};
/* End PBXSourcesBuildPhase section */

/* Begin PBXVariantGroup section */
		845B5ACA1D51FEA9000C0CBA /* Main.storyboard */ = {
			isa = PBXVariantGroup;
			children = (
				845B5ACB1D51FEA9000C0CBA /* Base */,
			);
			name = Main.storyboard;
			sourceTree = "<group>";
		};
		845B5ACF1D51FEA9000C0CBA /* LaunchScreen.storyboard */ = {
			isa = PBXVariantGroup;
			children = (
				845B5AD01D51FEA9000C0CBA /* Base */,
			);
			name = LaunchScreen.storyboard;
			sourceTree = "<group>";
		};
/* End PBXVariantGroup section */

/* Begin XCBuildConfiguration section */
		845B5AD31D51FEA9000C0CBA /* Debug */ = {
			isa = XCBuildConfiguration;
			buildSettings = {
				ALWAYS_SEARCH_USER_PATHS = NO;
				CLANG_ANALYZER_NONNULL = YES;
				CLANG_CXX_LANGUAGE_STANDARD = "gnu++0x";
				CLANG_CXX_LIBRARY = "libc++";
				CLANG_ENABLE_MODULES = YES;
				CLANG_ENABLE_OBJC_ARC = YES;
				CLANG_WARN_BOOL_CONVERSION = YES;
				CLANG_WARN_CONSTANT_CONVERSION = YES;
				CLANG_WARN_DIRECT_OBJC_ISA_USAGE = YES_ERROR;
				CLANG_WARN_EMPTY_BODY = YES;
				CLANG_WARN_ENUM_CONVERSION = YES;
				CLANG_WARN_INT_CONVERSION = YES;
				CLANG_WARN_OBJC_ROOT_CLASS = YES_ERROR;
				CLANG_WARN_UNREACHABLE_CODE = YES;
				CLANG_WARN__DUPLICATE_METHOD_MATCH = YES;
				"CODE_SIGN_IDENTITY[sdk=iphoneos*]" = "iPhone Developer";
				COPY_PHASE_STRIP = NO;
				DEBUG_INFORMATION_FORMAT = dwarf;
				ENABLE_STRICT_OBJC_MSGSEND = YES;
				ENABLE_TESTABILITY = YES;
				GCC_C_LANGUAGE_STANDARD = gnu99;
				GCC_DYNAMIC_NO_PIC = NO;
				GCC_NO_COMMON_BLOCKS = YES;
				GCC_OPTIMIZATION_LEVEL = 0;
				GCC_PREPROCESSOR_DEFINITIONS = (
					"DEBUG=1",
					"$(inherited)",
				);
				GCC_WARN_64_TO_32_BIT_CONVERSION = YES;
				GCC_WARN_ABOUT_RETURN_TYPE = YES_ERROR;
				GCC_WARN_UNDECLARED_SELECTOR = YES;
				GCC_WARN_UNINITIALIZED_AUTOS = YES_AGGRESSIVE;
				GCC_WARN_UNUSED_FUNCTION = YES;
				GCC_WARN_UNUSED_VARIABLE = YES;
				IPHONEOS_DEPLOYMENT_TARGET = 9.3;
				MTL_ENABLE_DEBUG_INFO = YES;
				ONLY_ACTIVE_ARCH = YES;
				SDKROOT = iphoneos;
				SWIFT_OPTIMIZATION_LEVEL = "-Onone";
				TARGETED_DEVICE_FAMILY = "1,2";
			};
			name = Debug;
		};
		845B5AD41D51FEA9000C0CBA /* Release */ = {
			isa = XCBuildConfiguration;
			buildSettings = {
				ALWAYS_SEARCH_USER_PATHS = NO;
				CLANG_ANALYZER_NONNULL = YES;
				CLANG_CXX_LANGUAGE_STANDARD = "gnu++0x";
				CLANG_CXX_LIBRARY = "libc++";
				CLANG_ENABLE_MODULES = YES;
				CLANG_ENABLE_OBJC_ARC = YES;
				CLANG_WARN_BOOL_CONVERSION = YES;
				CLANG_WARN_CONSTANT_CONVERSION = YES;
				CLANG_WARN_DIRECT_OBJC_ISA_USAGE = YES_ERROR;
				CLANG_WARN_EMPTY_BODY = YES;
				CLANG_WARN_ENUM_CONVERSION = YES;
				CLANG_WARN_INT_CONVERSION = YES;
				CLANG_WARN_OBJC_ROOT_CLASS = YES_ERROR;
				CLANG_WARN_UNREACHABLE_CODE = YES;
				CLANG_WARN__DUPLICATE_METHOD_MATCH = YES;
				"CODE_SIGN_IDENTITY[sdk=iphoneos*]" = "iPhone Developer";
				COPY_PHASE_STRIP = NO;
				DEBUG_INFORMATION_FORMAT = "dwarf-with-dsym";
				ENABLE_NS_ASSERTIONS = NO;
				ENABLE_STRICT_OBJC_MSGSEND = YES;
				GCC_C_LANGUAGE_STANDARD = gnu99;
				GCC_NO_COMMON_BLOCKS = YES;
				GCC_WARN_64_TO_32_BIT_CONVERSION = YES;
				GCC_WARN_ABOUT_RETURN_TYPE = YES_ERROR;
				GCC_WARN_UNDECLARED_SELECTOR = YES;
				GCC_WARN_UNINITIALIZED_AUTOS = YES_AGGRESSIVE;
				GCC_WARN_UNUSED_FUNCTION = YES;
				GCC_WARN_UNUSED_VARIABLE = YES;
				IPHONEOS_DEPLOYMENT_TARGET = 9.3;
				MTL_ENABLE_DEBUG_INFO = NO;
				SDKROOT = iphoneos;
				TARGETED_DEVICE_FAMILY = "1,2";
				VALIDATE_PRODUCT = YES;
			};
			name = Release;
		};
		845B5AD61D51FEA9000C0CBA /* Debug */ = {
			isa = XCBuildConfiguration;
			buildSettings = {
				ASSETCATALOG_COMPILER_APPICON_NAME = AppIcon;
				INFOPLIST_FILE = UnwindSegue/Info.plist;
				LD_RUNPATH_SEARCH_PATHS = "$(inherited) @executable_path/Frameworks";
				PRODUCT_BUNDLE_IDENTIFIER = com.smozgur.UnwindSegue;
				PRODUCT_NAME = "$(TARGET_NAME)";
			};
			name = Debug;
		};
		845B5AD71D51FEA9000C0CBA /* Release */ = {
			isa = XCBuildConfiguration;
			buildSettings = {
				ASSETCATALOG_COMPILER_APPICON_NAME = AppIcon;
				INFOPLIST_FILE = UnwindSegue/Info.plist;
				LD_RUNPATH_SEARCH_PATHS = "$(inherited) @executable_path/Frameworks";
				PRODUCT_BUNDLE_IDENTIFIER = com.smozgur.UnwindSegue;
				PRODUCT_NAME = "$(TARGET_NAME)";
			};
			name = Release;
		};
/* End XCBuildConfiguration section */

/* Begin XCConfigurationList section */
		845B5ABE1D51FEA9000C0CBA /* Build configuration list for PBXProject "UnwindSegue" */ = {
			isa = XCConfigurationList;
			buildConfigurations = (
				845B5AD31D51FEA9000C0CBA /* Debug */,
				845B5AD41D51FEA9000C0CBA /* Release */,
			);
			defaultConfigurationIsVisible = 0;
			defaultConfigurationName = Release;
		};
		845B5AD51D51FEA9000C0CBA /* Build configuration list for PBXNativeTarget "UnwindSegue" */ = {
			isa = XCConfigurationList;
			buildConfigurations = (
				845B5AD61D51FEA9000C0CBA /* Debug */,
				845B5AD71D51FEA9000C0CBA /* Release */,
			);
			defaultConfigurationIsVisible = 0;
		};
/* End XCConfigurationList section */
	};
	rootObject = 845B5ABB1D51FEA9000C0CBA /* Project object */;
}
